{
  "name": "RazorPagesMovie",
  "lockfileVersion": 2,
  "requires": true,
  "packages": {
    "": {
      "dependencies": {
        "bower": "^1.8.13",
        "globalize": "^1.7.0",
        "jquery-validation-globalize": "^0.1.1"
      }
    },
    "node_modules/bower": {
      "version": "1.8.13",
      "resolved": "https://registry.npmjs.org/bower/-/bower-1.8.13.tgz",
      "integrity": "sha512-8eWko16JlCTdaZZG70kddHPed17pHEbH8/IjfP4IFkQsfEqRsyNM09Dc8cDBFkSvtQ/2lTea7A+bMhRggG2a+Q==",
      "bin": {
        "bower": "bin/bower"
      },
      "engines": {
        "node": ">=0.10.0"
      }
    },
    "node_modules/cldrjs": {
      "version": "0.5.5",
      "resolved": "https://registry.npmjs.org/cldrjs/-/cldrjs-0.5.5.tgz",
      "integrity": "sha512-KDwzwbmLIPfCgd8JERVDpQKrUUM1U4KpFJJg2IROv89rF172lLufoJnqJ/Wea6fXL5bO6WjuLMzY8V52UWPvkA=="
    },
    "node_modules/globalize": {
      "version": "1.7.0",
      "resolved": "https://registry.npmjs.org/globalize/-/globalize-1.7.0.tgz",
      "integrity": "sha512-faR46vTIbFCeAemyuc9E6/d7Wrx9k2ae2L60UhakztFg6VuE42gENVJNuPFtt7Sdjrk9m2w8+py7Jj+JTNy59w==",
      "dependencies": {
        "cldrjs": "^0.5.4"
      }
    },
    "node_modules/jquery-validation-globalize": {
      "version": "0.1.1",
      "resolved": "https://registry.npmjs.org/jquery-validation-globalize/-/jquery-validation-globalize-0.1.1.tgz",
      "integrity": "sha1-Z4/Cc7S8akNzwmVYkoYdcv4tFIA="
    }
  },
  "dependencies": {
    "bower": {
      "version": "1.8.13",
      "resolved": "https://registry.npmjs.org/bower/-/bower-1.8.13.tgz",
      "integrity": "sha512-8eWko16JlCTdaZZG70kddHPed17pHEbH8/IjfP4IFkQsfEqRsyNM09Dc8cDBFkSvtQ/2lTea7A+bMhRggG2a+Q=="
    },
    "cldrjs": {
      "version": "0.5.5",
      "resolved": "https://registry.npmjs.org/cldrjs/-/cldrjs-0.5.5.tgz",
      "integrity": "sha512-KDwzwbmLIPfCgd8JERVDpQKrUUM1U4KpFJJg2IROv89rF172lLufoJnqJ/Wea6fXL5bO6WjuLMzY8V52UWPvkA=="
    },
    "globalize": {
      "version": "1.7.0",
      "resolved": "https://registry.npmjs.org/globalize/-/globalize-1.7.0.tgz",
      "integrity": "sha512-faR46vTIbFCeAemyuc9E6/d7Wrx9k2ae2L60UhakztFg6VuE42gENVJNuPFtt7Sdjrk9m2w8+py7Jj+JTNy59w==",
      "requires": {
        "cldrjs": "^0.5.4"
      }
    },
    "jquery-validation-globalize": {
      "version": "0.1.1",
      "resolved": "https://registry.npmjs.org/jquery-validation-globalize/-/jquery-validation-globalize-0.1.1.tgz",
      "integrity": "sha1-Z4/Cc7S8akNzwmVYkoYdcv4tFIA="
    }
  }
}
